lockfileVersion: '9.0'

settings:
  autoInstallPeers: false
  excludeLinksFromLockfile: false

importers:

  .:
    dependencies:
      '@sanity/incompatible-plugin':
        specifier: ^1.0.4
        version: 1.0.5

packages:

  '@sanity/incompatible-plugin@1.0.5':
    resolution: {integrity: sha512-9JGAacbElUPy9Chghd+sllIiM3jAcraZdD65bWYWUVKkghOsf1L/+jFLz1rcAuvrA9o2s7Y+T75BNcXuLwRcvw==}
    peerDependencies:
      react: ^16.9 || ^17 || ^18 || ^19
      react-dom: ^16.9 || ^17 || ^18 || ^19

snapshots:

  '@sanity/incompatible-plugin@1.0.5': {}
