# THIS IS AN AUTOGENERATED FILE. DO NOT EDIT THIS FILE DIRECTLY.
# yarn lockfile v1


groq@^2.15.0:
  version "2.15.0"
  resolved "https://registry.yarnpkg.com/groq/-/groq-2.15.0.tgz#d5618e0424c866a7998722d6ed441b3cc97e8de3"
  integrity sha512-V3VLBLftaEylbeXDwb2VoGa87SFLGLbU9h6Lz7vuZK+wcs4Kk92qG3A8nWtsdCp63hYKft0/AaXuanbkch0GeA==
